
Microsoft Visual Studio Solution File, Format Version 12.00
# Visual Studio Version 16
VisualStudioVersion = 16.0.30204.135
MinimumVisualStudioVersion = 10.0.40219.1
Project("{FAE04EC0-301F-11D3-BF4B-00C04F79EFBC}") = "LedGui", "LedGui\LedGui.csproj", "{3E04BF7B-FA4E-4C9F-8652-13A8D93A5E80}"
EndProject
Global
	GlobalSection(SolutionConfigurationPlatforms) = preSolution
		Debug|Any CPU = Debug|Any CPU
		Release|Any CPU = Release|Any CPU
	EndGlobalSection
	GlobalSection(ProjectConfigurationPlatforms) = postSolution
		{3E04BF7B-FA4E-4C9F-8652-13A8D93A5E80}.Debug|Any CPU.ActiveCfg = Debug|Any CPU
		{3E04BF7B-FA4E-4C9F-8652-13A8D93A5E80}.Debug|Any CPU.Build.0 = Debug|Any CPU
		{3E04BF7B-FA4E-4C9F-8652-13A8D93A5E80}.Release|Any CPU.ActiveCfg = Release|Any CPU
		{3E04BF7B-FA4E-4C9F-8652-13A8D93A5E80}.Release|Any CPU.Build.0 = Release|Any CPU
	EndGlobalSection
	GlobalSection(SolutionProperties) = preSolution
		HideSolutionNode = FALSE
	EndGlobalSection
	GlobalSection(ExtensibilityGlobals) = postSolution
		SolutionGuid = {AA9EA9B9-BFA2-4A38-9C05-CFF64EF41EEB}
	EndGlobalSection
EndGlobal
